
Microsoft Visual Studio Solution File, Format Version 12.00
# Visual Studio Version 17
VisualStudioVersion = 17.5.002.0
MinimumVisualStudioVersion = 10.0.40219.1
Project("{9A19103F-16F7-4668-BE54-9A1E7A4F7556}") = "backendcsharp", "backendcsharp\backendcsharp.csproj", "{7AFF7B28-8447-4EE1-AECA-74AFE6EF2CA7}"
EndProject
Global
	GlobalSection(SolutionConfigurationPlatforms) = preSolution
		Debug|Any CPU = Debug|Any CPU
		Release|Any CPU = Release|Any CPU
	EndGlobalSection
	GlobalSection(ProjectConfigurationPlatforms) = postSolution
		{7AFF7B28-8447-4EE1-AECA-74AFE6EF2CA7}.Debug|Any CPU.ActiveCfg = Debug|Any CPU
		{7AFF7B28-8447-4EE1-AECA-74AFE6EF2CA7}.Debug|Any CPU.Build.0 = Debug|Any CPU
		{7AFF7B28-8447-4EE1-AECA-74AFE6EF2CA7}.Release|Any CPU.ActiveCfg = Release|Any CPU
		{7AFF7B28-8447-4EE1-AECA-74AFE6EF2CA7}.Release|Any CPU.Build.0 = Release|Any CPU
	EndGlobalSection
	GlobalSection(SolutionProperties) = preSolution
		HideSolutionNode = FALSE
	EndGlobalSection
	GlobalSection(ExtensibilityGlobals) = postSolution
		SolutionGuid = {D8829387-8387-4E1F-8037-84B0A4E67356}
	EndGlobalSection
EndGlobal
